
Microsoft Visual Studio Solution File, Format Version 12.00
# Visual Studio Version 17
VisualStudioVersion = 17.6.33829.357
MinimumVisualStudioVersion = 10.0.40219.1
Project("{8BC9CEB8-8B4A-11D0-8D11-00A0C91BC942}") = "countries", "countries\countries.vcxproj", "{2CE77BC5-535B-415D-BBC7-CA523D0BA10B}"
EndProject
Global
	GlobalSection(SolutionConfigurationPlatforms) = preSolution
		Debug|x64 = Debug|x64
		Debug|x86 = Debug|x86
		Release|x64 = Release|x64
		Release|x86 = Release|x86
	EndGlobalSection
	GlobalSection(ProjectConfigurationPlatforms) = postSolution
		{2CE77BC5-535B-415D-BBC7-CA523D0BA10B}.Debug|x64.ActiveCfg = Debug|x64
		{2CE77BC5-535B-415D-BBC7-CA523D0BA10B}.Debug|x64.Build.0 = Debug|x64
		{2CE77BC5-535B-415D-BBC7-CA523D0BA10B}.Debug|x86.ActiveCfg = Debug|Win32
		{2CE77BC5-535B-415D-BBC7-CA523D0BA10B}.Debug|x86.Build.0 = Debug|Win32
		{2CE77BC5-535B-415D-BBC7-CA523D0BA10B}.Release|x64.ActiveCfg = Release|x64
		{2CE77BC5-535B-415D-BBC7-CA523D0BA10B}.Release|x64.Build.0 = Release|x64
		{2CE77BC5-535B-415D-BBC7-CA523D0BA10B}.Release|x86.ActiveCfg = Release|Win32
		{2CE77BC5-535B-415D-BBC7-CA523D0BA10B}.Release|x86.Build.0 = Release|Win32
	EndGlobalSection
	GlobalSection(SolutionProperties) = preSolution
		HideSolutionNode = FALSE
	EndGlobalSection
	GlobalSection(ExtensibilityGlobals) = postSolution
		SolutionGuid = {644FE260-6364-4BC2-8A00-ECDE5D0C0E54}
	EndGlobalSection
EndGlobal
